# This file is automatically @generated by Cargo.
# It is not intended for manual editing.
version = 4

[[package]]
name = "igy6-artifacts"
version = "0.1.0"

[[package]]
name = "igy6-cli"
version = "0.1.0"
dependencies = [
 "igy6-config",
 "igy6-core",
 "igy6-policy",
]

[[package]]
name = "igy6-config"
version = "0.1.0"
dependencies = [
 "igy6-core",
]

[[package]]
name = "igy6-core"
version = "0.1.0"

[[package]]
name = "igy6-host-bridge"
version = "0.1.0"

[[package]]
name = "igy6-normalization"
version = "0.1.0"

[[package]]
name = "igy6-policy"
version = "0.1.0"
dependencies = [
 "igy6-core",
]
